
Microsoft Visual Studio Solution File, Format Version 12.00
# Visual Studio Version 16
VisualStudioVersion = 16.0.29209.62
MinimumVisualStudioVersion = 10.0.40219.1
Project("{FAE04EC0-301F-11D3-BF4B-00C04F79EFBC}") = "GroceryCo.Data", "GroceryCo.Data\GroceryCo.Data.csproj", "{27CA25E6-249C-4380-BA1B-62246F66F86B}"
EndProject
Project("{2150E333-8FDC-42A3-9474-1A3956D46DE8}") = "Tests", "Tests", "{61AE9DEA-1F28-40DA-AB77-44CD76F038EB}"
EndProject
Project("{FAE04EC0-301F-11D3-BF4B-00C04F79EFBC}") = "GroceryCo.Data.Test", "GroceryCo.Data.Test\GroceryCo.Data.Test.csproj", "{D56DF931-F5D8-4766-86F8-6566B1D8920F}"
EndProject
Project("{FAE04EC0-301F-11D3-BF4B-00C04F79EFBC}") = "GroceryCo.Service", "GroceryCo.Service\GroceryCo.Service.csproj", "{BE90619B-A9AF-4ACC-B0A9-52E98EE3BB6E}"
EndProject
Project("{FAE04EC0-301F-11D3-BF4B-00C04F79EFBC}") = "GroceryCo.Console", "GroceryCo.Console\GroceryCo.Console.csproj", "{E0F8EA4D-0E61-48E5-B252-60F6B78117E1}"
EndProject
Project("{FAE04EC0-301F-11D3-BF4B-00C04F79EFBC}") = "GroceryCo.Service.Test", "GroceryCo.Service.Test\GroceryCo.Service.Test.csproj", "{19FA4D8A-DB03-4907-910A-8817D4403B79}"
EndProject
Global
	GlobalSection(SolutionConfigurationPlatforms) = preSolution
		Debug|Any CPU = Debug|Any CPU
		Release|Any CPU = Release|Any CPU
	EndGlobalSection
	GlobalSection(ProjectConfigurationPlatforms) = postSolution
		{27CA25E6-249C-4380-BA1B-62246F66F86B}.Debug|Any CPU.ActiveCfg = Debug|Any CPU
		{27CA25E6-249C-4380-BA1B-62246F66F86B}.Debug|Any CPU.Build.0 = Debug|Any CPU
		{27CA25E6-249C-4380-BA1B-62246F66F86B}.Release|Any CPU.ActiveCfg = Release|Any CPU
		{27CA25E6-249C-4380-BA1B-62246F66F86B}.Release|Any CPU.Build.0 = Release|Any CPU
		{D56DF931-F5D8-4766-86F8-6566B1D8920F}.Debug|Any CPU.ActiveCfg = Debug|Any CPU
		{D56DF931-F5D8-4766-86F8-6566B1D8920F}.Debug|Any CPU.Build.0 = Debug|Any CPU
		{D56DF931-F5D8-4766-86F8-6566B1D8920F}.Release|Any CPU.ActiveCfg = Release|Any CPU
		{D56DF931-F5D8-4766-86F8-6566B1D8920F}.Release|Any CPU.Build.0 = Release|Any CPU
		{BE90619B-A9AF-4ACC-B0A9-52E98EE3BB6E}.Debug|Any CPU.ActiveCfg = Debug|Any CPU
		{BE90619B-A9AF-4ACC-B0A9-52E98EE3BB6E}.Debug|Any CPU.Build.0 = Debug|Any CPU
		{BE90619B-A9AF-4ACC-B0A9-52E98EE3BB6E}.Release|Any CPU.ActiveCfg = Release|Any CPU
		{BE90619B-A9AF-4ACC-B0A9-52E98EE3BB6E}.Release|Any CPU.Build.0 = Release|Any CPU
		{E0F8EA4D-0E61-48E5-B252-60F6B78117E1}.Debug|Any CPU.ActiveCfg = Debug|Any CPU
		{E0F8EA4D-0E61-48E5-B252-60F6B78117E1}.Debug|Any CPU.Build.0 = Debug|Any CPU
		{E0F8EA4D-0E61-48E5-B252-60F6B78117E1}.Release|Any CPU.ActiveCfg = Release|Any CPU
		{E0F8EA4D-0E61-48E5-B252-60F6B78117E1}.Release|Any CPU.Build.0 = Release|Any CPU
		{19FA4D8A-DB03-4907-910A-8817D4403B79}.Debug|Any CPU.ActiveCfg = Debug|Any CPU
		{19FA4D8A-DB03-4907-910A-8817D4403B79}.Debug|Any CPU.Build.0 = Debug|Any CPU
		{19FA4D8A-DB03-4907-910A-8817D4403B79}.Release|Any CPU.ActiveCfg = Release|Any CPU
		{19FA4D8A-DB03-4907-910A-8817D4403B79}.Release|Any CPU.Build.0 = Release|Any CPU
	EndGlobalSection
	GlobalSection(SolutionProperties) = preSolution
		HideSolutionNode = FALSE
	EndGlobalSection
	GlobalSection(NestedProjects) = preSolution
		{D56DF931-F5D8-4766-86F8-6566B1D8920F} = {61AE9DEA-1F28-40DA-AB77-44CD76F038EB}
		{19FA4D8A-DB03-4907-910A-8817D4403B79} = {61AE9DEA-1F28-40DA-AB77-44CD76F038EB}
	EndGlobalSection
	GlobalSection(ExtensibilityGlobals) = postSolution
		SolutionGuid = {0454804C-1E33-4A7A-B3E0-2DE8E90D6623}
	EndGlobalSection
EndGlobal
